
Microsoft Visual Studio Solution File, Format Version 12.00
# Visual Studio 15
VisualStudioVersion = 15.0.28010.2026
MinimumVisualStudioVersion = 10.0.40219.1
Project("{F184B08F-C81C-45F6-A57F-5ABD9991F28F}") = "Assignment1", "Assignment1\Assignment1.vbproj", "{4F1155D7-409C-4503-9E87-D8422EDF7F45}"
EndProject
Global
	GlobalSection(SolutionConfigurationPlatforms) = preSolution
		Debug|Any CPU = Debug|Any CPU
		Release|Any CPU = Release|Any CPU
	EndGlobalSection
	GlobalSection(ProjectConfigurationPlatforms) = postSolution
		{4F1155D7-409C-4503-9E87-D8422EDF7F45}.Debug|Any CPU.ActiveCfg = Debug|Any CPU
		{4F1155D7-409C-4503-9E87-D8422EDF7F45}.Debug|Any CPU.Build.0 = Debug|Any CPU
		{4F1155D7-409C-4503-9E87-D8422EDF7F45}.Release|Any CPU.ActiveCfg = Release|Any CPU
		{4F1155D7-409C-4503-9E87-D8422EDF7F45}.Release|Any CPU.Build.0 = Release|Any CPU
	EndGlobalSection
	GlobalSection(SolutionProperties) = preSolution
		HideSolutionNode = FALSE
	EndGlobalSection
	GlobalSection(ExtensibilityGlobals) = postSolution
		SolutionGuid = {E66DD2DF-170A-440A-972D-1AA367B0C6B9}
	EndGlobalSection
EndGlobal
